// !$*UTF8*$!
{
	archiveVersion = 1;
	classes = {
	};
	objectVersion = 46;
	objects = {

/* Begin PBXAggregateTarget section */
		"SwiftProcessing::SwiftProcessingPackageTests::ProductTarget" /* SwiftProcessingPackageTests */ = {
			isa = PBXAggregateTarget;
			buildConfigurationList = OBJ_131 /* Build configuration list for PBXAggregateTarget "SwiftProcessingPackageTests" */;
			buildPhases = (
			);
			dependencies = (
				OBJ_134 /* PBXTargetDependency */,
			);
			name = SwiftProcessingPackageTests;
			productName = SwiftProcessingPackageTests;
		};
/* End PBXAggregateTarget section */

/* Begin PBXBuildFile section */
		1F1EF91626ACC7A200A943FF /* Label.swift in Sources */ = {isa = PBXBuildFile; fileRef = 1F1EF8E026ACC7A200A943FF /* Label.swift */; };
		1F1EF91726ACC7A200A943FF /* Label.swift in Sources */ = {isa = PBXBuildFile; fileRef = 1F1EF8E026ACC7A200A943FF /* Label.swift */; };
		1F1EF91826ACC7A200A943FF /* Label.swift in Sources */ = {isa = PBXBuildFile; fileRef = 1F1EF8E026ACC7A200A943FF /* Label.swift */; };
		1F1EF91926ACC7A200A943FF /* Alert.swift in Sources */ = {isa = PBXBuildFile; fileRef = 1F1EF8E126ACC7A200A943FF /* Alert.swift */; };
		1F1EF91A26ACC7A200A943FF /* Alert.swift in Sources */ = {isa = PBXBuildFile; fileRef = 1F1EF8E126ACC7A200A943FF /* Alert.swift */; };
		1F1EF91B26ACC7A200A943FF /* Alert.swift in Sources */ = {isa = PBXBuildFile; fileRef = 1F1EF8E126ACC7A200A943FF /* Alert.swift */; };
		1F1EF91C26ACC7A200A943FF /* Capture.swift in Sources */ = {isa = PBXBuildFile; fileRef = 1F1EF8E226ACC7A200A943FF /* Capture.swift */; };
		1F1EF91D26ACC7A200A943FF /* Capture.swift in Sources */ = {isa = PBXBuildFile; fileRef = 1F1EF8E226ACC7A200A943FF /* Capture.swift */; };
		1F1EF91E26ACC7A200A943FF /* Capture.swift in Sources */ = {isa = PBXBuildFile; fileRef = 1F1EF8E226ACC7A200A943FF /* Capture.swift */; };
		1F1EF91F26ACC7A200A943FF /* UIKitViewElement.swift in Sources */ = {isa = PBXBuildFile; fileRef = 1F1EF8E326ACC7A200A943FF /* UIKitViewElement.swift */; };
		1F1EF92026ACC7A200A943FF /* UIKitViewElement.swift in Sources */ = {isa = PBXBuildFile; fileRef = 1F1EF8E326ACC7A200A943FF /* UIKitViewElement.swift */; };
		1F1EF92126ACC7A200A943FF /* UIKitViewElement.swift in Sources */ = {isa = PBXBuildFile; fileRef = 1F1EF8E326ACC7A200A943FF /* UIKitViewElement.swift */; };
		1F1EF92226ACC7A200A943FF /* Switch.swift in Sources */ = {isa = PBXBuildFile; fileRef = 1F1EF8E426ACC7A200A943FF /* Switch.swift */; };
		1F1EF92326ACC7A200A943FF /* Switch.swift in Sources */ = {isa = PBXBuildFile; fileRef = 1F1EF8E426ACC7A200A943FF /* Switch.swift */; };
		1F1EF92426ACC7A200A943FF /* Switch.swift in Sources */ = {isa = PBXBuildFile; fileRef = 1F1EF8E426ACC7A200A943FF /* Switch.swift */; };
		1F1EF92526ACC7A200A943FF /* TextField.swift in Sources */ = {isa = PBXBuildFile; fileRef = 1F1EF8E526ACC7A200A943FF /* TextField.swift */; };
		1F1EF92626ACC7A200A943FF /* TextField.swift in Sources */ = {isa = PBXBuildFile; fileRef = 1F1EF8E526ACC7A200A943FF /* TextField.swift */; };
		1F1EF92726ACC7A200A943FF /* TextField.swift in Sources */ = {isa = PBXBuildFile; fileRef = 1F1EF8E526ACC7A200A943FF /* TextField.swift */; };
		1F1EF92826ACC7A200A943FF /* Slider.swift in Sources */ = {isa = PBXBuildFile; fileRef = 1F1EF8E626ACC7A200A943FF /* Slider.swift */; };
		1F1EF92926ACC7A200A943FF /* Slider.swift in Sources */ = {isa = PBXBuildFile; fileRef = 1F1EF8E626ACC7A200A943FF /* Slider.swift */; };
		1F1EF92A26ACC7A200A943FF /* Slider.swift in Sources */ = {isa = PBXBuildFile; fileRef = 1F1EF8E626ACC7A200A943FF /* Slider.swift */; };
		1F1EF92B26ACC7A200A943FF /* Stepper.swift in Sources */ = {isa = PBXBuildFile; fileRef = 1F1EF8E726ACC7A200A943FF /* Stepper.swift */; };
		1F1EF92C26ACC7A200A943FF /* Stepper.swift in Sources */ = {isa = PBXBuildFile; fileRef = 1F1EF8E726ACC7A200A943FF /* Stepper.swift */; };
		1F1EF92D26ACC7A200A943FF /* Stepper.swift in Sources */ = {isa = PBXBuildFile; fileRef = 1F1EF8E726ACC7A200A943FF /* Stepper.swift */; };
		1F1EF92E26ACC7A200A943FF /* UIApplicationExtensions.swift in Sources */ = {isa = PBXBuildFile; fileRef = 1F1EF8E826ACC7A200A943FF /* UIApplicationExtensions.swift */; };
		1F1EF92F26ACC7A200A943FF /* UIApplicationExtensions.swift in Sources */ = {isa = PBXBuildFile; fileRef = 1F1EF8E826ACC7A200A943FF /* UIApplicationExtensions.swift */; };
		1F1EF93026ACC7A200A943FF /* UIApplicationExtensions.swift in Sources */ = {isa = PBXBuildFile; fileRef = 1F1EF8E826ACC7A200A943FF /* UIApplicationExtensions.swift */; };
		1F1EF93126ACC7A200A943FF /* UIKitControlElement.swift in Sources */ = {isa = PBXBuildFile; fileRef = 1F1EF8E926ACC7A200A943FF /* UIKitControlElement.swift */; };
		1F1EF93226ACC7A200A943FF /* UIKitControlElement.swift in Sources */ = {isa = PBXBuildFile; fileRef = 1F1EF8E926ACC7A200A943FF /* UIKitControlElement.swift */; };
		1F1EF93326ACC7A200A943FF /* UIKitControlElement.swift in Sources */ = {isa = PBXBuildFile; fileRef = 1F1EF8E926ACC7A200A943FF /* UIKitControlElement.swift */; };
		1F1EF93426ACC7A200A943FF /* Button.swift in Sources */ = {isa = PBXBuildFile; fileRef = 1F1EF8EA26ACC7A200A943FF /* Button.swift */; };
		1F1EF93526ACC7A200A943FF /* Button.swift in Sources */ = {isa = PBXBuildFile; fileRef = 1F1EF8EA26ACC7A200A943FF /* Button.swift */; };
		1F1EF93626ACC7A200A943FF /* Button.swift in Sources */ = {isa = PBXBuildFile; fileRef = 1F1EF8EA26ACC7A200A943FF /* Button.swift */; };
		1F1EF93726ACC7A200A943FF /* SketchVertex.swift in Sources */ = {isa = PBXBuildFile; fileRef = 1F1EF8EB26ACC7A200A943FF /* SketchVertex.swift */; };
		1F1EF93826ACC7A200A943FF /* SketchVertex.swift in Sources */ = {isa = PBXBuildFile; fileRef = 1F1EF8EB26ACC7A200A943FF /* SketchVertex.swift */; };
		1F1EF93926ACC7A200A943FF /* SketchVertex.swift in Sources */ = {isa = PBXBuildFile; fileRef = 1F1EF8EB26ACC7A200A943FF /* SketchVertex.swift */; };
		1F1EF93A26ACC7A200A943FF /* SketchAugmentedReality.swift in Sources */ = {isa = PBXBuildFile; fileRef = 1F1EF8EC26ACC7A200A943FF /* SketchAugmentedReality.swift */; };
		1F1EF93B26ACC7A200A943FF /* SketchAugmentedReality.swift in Sources */ = {isa = PBXBuildFile; fileRef = 1F1EF8EC26ACC7A200A943FF /* SketchAugmentedReality.swift */; };
		1F1EF93C26ACC7A200A943FF /* SketchAugmentedReality.swift in Sources */ = {isa = PBXBuildFile; fileRef = 1F1EF8EC26ACC7A200A943FF /* SketchAugmentedReality.swift */; };
		1F1EF93D26ACC7A200A943FF /* SketchTransform.swift in Sources */ = {isa = PBXBuildFile; fileRef = 1F1EF8ED26ACC7A200A943FF /* SketchTransform.swift */; };
		1F1EF93E26ACC7A200A943FF /* SketchTransform.swift in Sources */ = {isa = PBXBuildFile; fileRef = 1F1EF8ED26ACC7A200A943FF /* SketchTransform.swift */; };
		1F1EF93F26ACC7A200A943FF /* SketchTransform.swift in Sources */ = {isa = PBXBuildFile; fileRef = 1F1EF8ED26ACC7A200A943FF /* SketchTransform.swift */; };
		1F1EF94026ACC7A200A943FF /* SketchPixels.swift in Sources */ = {isa = PBXBuildFile; fileRef = 1F1EF8EE26ACC7A200A943FF /* SketchPixels.swift */; };
		1F1EF94126ACC7A200A943FF /* SketchPixels.swift in Sources */ = {isa = PBXBuildFile; fileRef = 1F1EF8EE26ACC7A200A943FF /* SketchPixels.swift */; };
		1F1EF94226ACC7A200A943FF /* SketchPixels.swift in Sources */ = {isa = PBXBuildFile; fileRef = 1F1EF8EE26ACC7A200A943FF /* SketchPixels.swift */; };
		1F1EF94326ACC7A200A943FF /* GifSwift.swift in Sources */ = {isa = PBXBuildFile; fileRef = 1F1EF8F026ACC7A200A943FF /* GifSwift.swift */; };
		1F1EF94426ACC7A200A943FF /* GifSwift.swift in Sources */ = {isa = PBXBuildFile; fileRef = 1F1EF8F026ACC7A200A943FF /* GifSwift.swift */; };
		1F1EF94526ACC7A200A943FF /* GifSwift.swift in Sources */ = {isa = PBXBuildFile; fileRef = 1F1EF8F026ACC7A200A943FF /* GifSwift.swift */; };
		1F1EF94626ACC7A200A943FF /* Image.swift in Sources */ = {isa = PBXBuildFile; fileRef = 1F1EF8F126ACC7A200A943FF /* Image.swift */; };
		1F1EF94726ACC7A200A943FF /* Image.swift in Sources */ = {isa = PBXBuildFile; fileRef = 1F1EF8F126ACC7A200A943FF /* Image.swift */; };
		1F1EF94826ACC7A200A943FF /* Image.swift in Sources */ = {isa = PBXBuildFile; fileRef = 1F1EF8F126ACC7A200A943FF /* Image.swift */; };
		1F1EF94926ACC7A200A943FF /* ImagePicker.swift in Sources */ = {isa = PBXBuildFile; fileRef = 1F1EF8F226ACC7A200A943FF /* ImagePicker.swift */; };
		1F1EF94A26ACC7A200A943FF /* ImagePicker.swift in Sources */ = {isa = PBXBuildFile; fileRef = 1F1EF8F226ACC7A200A943FF /* ImagePicker.swift */; };
		1F1EF94B26ACC7A200A943FF /* ImagePicker.swift in Sources */ = {isa = PBXBuildFile; fileRef = 1F1EF8F226ACC7A200A943FF /* ImagePicker.swift */; };
		1F1EF94C26ACC7A200A943FF /* SketchImage.swift in Sources */ = {isa = PBXBuildFile; fileRef = 1F1EF8F326ACC7A200A943FF /* SketchImage.swift */; };
		1F1EF94D26ACC7A200A943FF /* SketchImage.swift in Sources */ = {isa = PBXBuildFile; fileRef = 1F1EF8F326ACC7A200A943FF /* SketchImage.swift */; };
		1F1EF94E26ACC7A200A943FF /* SketchImage.swift in Sources */ = {isa = PBXBuildFile; fileRef = 1F1EF8F326ACC7A200A943FF /* SketchImage.swift */; };
		1F1EF94F26ACC7A200A943FF /* SketchSettings.swift in Sources */ = {isa = PBXBuildFile; fileRef = 1F1EF8F426ACC7A200A943FF /* SketchSettings.swift */; };
		1F1EF95026ACC7A200A943FF /* SketchSettings.swift in Sources */ = {isa = PBXBuildFile; fileRef = 1F1EF8F426ACC7A200A943FF /* SketchSettings.swift */; };
		1F1EF95126ACC7A200A943FF /* SketchSettings.swift in Sources */ = {isa = PBXBuildFile; fileRef = 1F1EF8F426ACC7A200A943FF /* SketchSettings.swift */; };
		1F1EF95226ACC7A200A943FF /* Sketch2DPrimitives.swift in Sources */ = {isa = PBXBuildFile; fileRef = 1F1EF8F526ACC7A200A943FF /* Sketch2DPrimitives.swift */; };
		1F1EF95326ACC7A200A943FF /* Sketch2DPrimitives.swift in Sources */ = {isa = PBXBuildFile; fileRef = 1F1EF8F526ACC7A200A943FF /* Sketch2DPrimitives.swift */; };
		1F1EF95426ACC7A200A943FF /* Sketch2DPrimitives.swift in Sources */ = {isa = PBXBuildFile; fileRef = 1F1EF8F526ACC7A200A943FF /* Sketch2DPrimitives.swift */; };
		1F1EF95526ACC7A200A943FF /* Sketch.swift in Sources */ = {isa = PBXBuildFile; fileRef = 1F1EF8F626ACC7A200A943FF /* Sketch.swift */; };
		1F1EF95626ACC7A200A943FF /* Sketch.swift in Sources */ = {isa = PBXBuildFile; fileRef = 1F1EF8F626ACC7A200A943FF /* Sketch.swift */; };
		1F1EF95726ACC7A200A943FF /* Sketch.swift in Sources */ = {isa = PBXBuildFile; fileRef = 1F1EF8F626ACC7A200A943FF /* Sketch.swift */; };
		1F1EF95826ACC7A200A943FF /* SketchColor.swift in Sources */ = {isa = PBXBuildFile; fileRef = 1F1EF8F726ACC7A200A943FF /* SketchColor.swift */; };
		1F1EF95926ACC7A200A943FF /* SketchColor.swift in Sources */ = {isa = PBXBuildFile; fileRef = 1F1EF8F726ACC7A200A943FF /* SketchColor.swift */; };
		1F1EF95A26ACC7A200A943FF /* SketchColor.swift in Sources */ = {isa = PBXBuildFile; fileRef = 1F1EF8F726ACC7A200A943FF /* SketchColor.swift */; };
		1F1EF95B26ACC7A200A943FF /* SketchVector.swift in Sources */ = {isa = PBXBuildFile; fileRef = 1F1EF8F826ACC7A200A943FF /* SketchVector.swift */; };
		1F1EF95C26ACC7A200A943FF /* SketchVector.swift in Sources */ = {isa = PBXBuildFile; fileRef = 1F1EF8F826ACC7A200A943FF /* SketchVector.swift */; };
		1F1EF95D26ACC7A200A943FF /* SketchVector.swift in Sources */ = {isa = PBXBuildFile; fileRef = 1F1EF8F826ACC7A200A943FF /* SketchVector.swift */; };
		1F1EF95E26ACC7A200A943FF /* SketchTouch.swift in Sources */ = {isa = PBXBuildFile; fileRef = 1F1EF8F926ACC7A200A943FF /* SketchTouch.swift */; };
		1F1EF95F26ACC7A200A943FF /* SketchTouch.swift in Sources */ = {isa = PBXBuildFile; fileRef = 1F1EF8F926ACC7A200A943FF /* SketchTouch.swift */; };
		1F1EF96026ACC7A200A943FF /* SketchTouch.swift in Sources */ = {isa = PBXBuildFile; fileRef = 1F1EF8F926ACC7A200A943FF /* SketchTouch.swift */; };
		1F1EF96426ACC7A200A943FF /* SketchCanvas.swift in Sources */ = {isa = PBXBuildFile; fileRef = 1F1EF8FB26ACC7A200A943FF /* SketchCanvas.swift */; };
		1F1EF96526ACC7A200A943FF /* SketchCanvas.swift in Sources */ = {isa = PBXBuildFile; fileRef = 1F1EF8FB26ACC7A200A943FF /* SketchCanvas.swift */; };
		1F1EF96626ACC7A200A943FF /* SketchCanvas.swift in Sources */ = {isa = PBXBuildFile; fileRef = 1F1EF8FB26ACC7A200A943FF /* SketchCanvas.swift */; };
		1F1EF96726ACC7A200A943FF /* SketchEnvironment.swift in Sources */ = {isa = PBXBuildFile; fileRef = 1F1EF8FC26ACC7A200A943FF /* SketchEnvironment.swift */; };
		1F1EF96826ACC7A200A943FF /* SketchEnvironment.swift in Sources */ = {isa = PBXBuildFile; fileRef = 1F1EF8FC26ACC7A200A943FF /* SketchEnvironment.swift */; };
		1F1EF96926ACC7A200A943FF /* SketchEnvironment.swift in Sources */ = {isa = PBXBuildFile; fileRef = 1F1EF8FC26ACC7A200A943FF /* SketchEnvironment.swift */; };
		1F1EF96A26ACC7A200A943FF /* SketchAttributes.swift in Sources */ = {isa = PBXBuildFile; fileRef = 1F1EF8FD26ACC7A200A943FF /* SketchAttributes.swift */; };
		1F1EF96B26ACC7A200A943FF /* SketchAttributes.swift in Sources */ = {isa = PBXBuildFile; fileRef = 1F1EF8FD26ACC7A200A943FF /* SketchAttributes.swift */; };
		1F1EF96C26ACC7A200A943FF /* SketchAttributes.swift in Sources */ = {isa = PBXBuildFile; fileRef = 1F1EF8FD26ACC7A200A943FF /* SketchAttributes.swift */; };
		1F1EF96D26ACC7A200A943FF /* SketchOperatorOverloads.swift in Sources */ = {isa = PBXBuildFile; fileRef = 1F1EF8FE26ACC7A200A943FF /* SketchOperatorOverloads.swift */; };
		1F1EF96E26ACC7A200A943FF /* SketchOperatorOverloads.swift in Sources */ = {isa = PBXBuildFile; fileRef = 1F1EF8FE26ACC7A200A943FF /* SketchOperatorOverloads.swift */; };
		1F1EF96F26ACC7A200A943FF /* SketchOperatorOverloads.swift in Sources */ = {isa = PBXBuildFile; fileRef = 1F1EF8FE26ACC7A200A943FF /* SketchOperatorOverloads.swift */; };
		1F1EF97026ACC7A200A943FF /* AudioIn.swift in Sources */ = {isa = PBXBuildFile; fileRef = 1F1EF90026ACC7A200A943FF /* AudioIn.swift */; };
		1F1EF97126ACC7A200A943FF /* AudioIn.swift in Sources */ = {isa = PBXBuildFile; fileRef = 1F1EF90026ACC7A200A943FF /* AudioIn.swift */; };
		1F1EF97226ACC7A200A943FF /* AudioIn.swift in Sources */ = {isa = PBXBuildFile; fileRef = 1F1EF90026ACC7A200A943FF /* AudioIn.swift */; };
		1F1EF97326ACC7A200A943FF /* ModelNode.swift in Sources */ = {isa = PBXBuildFile; fileRef = 1F1EF90226ACC7A200A943FF /* ModelNode.swift */; };
		1F1EF97426ACC7A200A943FF /* ModelNode.swift in Sources */ = {isa = PBXBuildFile; fileRef = 1F1EF90226ACC7A200A943FF /* ModelNode.swift */; };
		1F1EF97526ACC7A200A943FF /* ModelNode.swift in Sources */ = {isa = PBXBuildFile; fileRef = 1F1EF90226ACC7A200A943FF /* ModelNode.swift */; };
		1F1EF97626ACC7A200A943FF /* Sketch3D.swift in Sources */ = {isa = PBXBuildFile; fileRef = 1F1EF90326ACC7A200A943FF /* Sketch3D.swift */; };
		1F1EF97726ACC7A200A943FF /* Sketch3D.swift in Sources */ = {isa = PBXBuildFile; fileRef = 1F1EF90326ACC7A200A943FF /* Sketch3D.swift */; };
		1F1EF97826ACC7A200A943FF /* Sketch3D.swift in Sources */ = {isa = PBXBuildFile; fileRef = 1F1EF90326ACC7A200A943FF /* Sketch3D.swift */; };
		1F1EF97926ACC7A200A943FF /* Sketch3DPrimitives.swift in Sources */ = {isa = PBXBuildFile; fileRef = 1F1EF90426ACC7A200A943FF /* Sketch3DPrimitives.swift */; };
		1F1EF97A26ACC7A200A943FF /* Sketch3DPrimitives.swift in Sources */ = {isa = PBXBuildFile; fileRef = 1F1EF90426ACC7A200A943FF /* Sketch3DPrimitives.swift */; };
		1F1EF97B26ACC7A200A943FF /* Sketch3DPrimitives.swift in Sources */ = {isa = PBXBuildFile; fileRef = 1F1EF90426ACC7A200A943FF /* Sketch3DPrimitives.swift */; };
		1F1EF97C26ACC7A200A943FF /* Sketch3DTransform.swift in Sources */ = {isa = PBXBuildFile; fileRef = 1F1EF90526ACC7A200A943FF /* Sketch3DTransform.swift */; };
		1F1EF97D26ACC7A200A943FF /* Sketch3DTransform.swift in Sources */ = {isa = PBXBuildFile; fileRef = 1F1EF90526ACC7A200A943FF /* Sketch3DTransform.swift */; };
		1F1EF97E26ACC7A200A943FF /* Sketch3DTransform.swift in Sources */ = {isa = PBXBuildFile; fileRef = 1F1EF90526ACC7A200A943FF /* Sketch3DTransform.swift */; };
		1F1EF97F26ACC7A200A943FF /* Sketch3DEnviroment.swift in Sources */ = {isa = PBXBuildFile; fileRef = 1F1EF90626ACC7A200A943FF /* Sketch3DEnviroment.swift */; };
		1F1EF98026ACC7A200A943FF /* Sketch3DEnviroment.swift in Sources */ = {isa = PBXBuildFile; fileRef = 1F1EF90626ACC7A200A943FF /* Sketch3DEnviroment.swift */; };
		1F1EF98126ACC7A200A943FF /* Sketch3DEnviroment.swift in Sources */ = {isa = PBXBuildFile; fileRef = 1F1EF90626ACC7A200A943FF /* Sketch3DEnviroment.swift */; };
		1F1EF98226ACC7A200A943FF /* Sketch3DCamera.swift in Sources */ = {isa = PBXBuildFile; fileRef = 1F1EF90726ACC7A200A943FF /* Sketch3DCamera.swift */; };
		1F1EF98326ACC7A200A943FF /* Sketch3DCamera.swift in Sources */ = {isa = PBXBuildFile; fileRef = 1F1EF90726ACC7A200A943FF /* Sketch3DCamera.swift */; };
		1F1EF98426ACC7A200A943FF /* Sketch3DCamera.swift in Sources */ = {isa = PBXBuildFile; fileRef = 1F1EF90726ACC7A200A943FF /* Sketch3DCamera.swift */; };
		1F1EF98526ACC7A200A943FF /* Sketch3DTexture.swift in Sources */ = {isa = PBXBuildFile; fileRef = 1F1EF90826ACC7A200A943FF /* Sketch3DTexture.swift */; };
		1F1EF98626ACC7A200A943FF /* Sketch3DTexture.swift in Sources */ = {isa = PBXBuildFile; fileRef = 1F1EF90826ACC7A200A943FF /* Sketch3DTexture.swift */; };
		1F1EF98726ACC7A200A943FF /* Sketch3DTexture.swift in Sources */ = {isa = PBXBuildFile; fileRef = 1F1EF90826ACC7A200A943FF /* Sketch3DTexture.swift */; };
		1F1EF98826ACC7A200A943FF /* Sketch3DModel.swift in Sources */ = {isa = PBXBuildFile; fileRef = 1F1EF90926ACC7A200A943FF /* Sketch3DModel.swift */; };
		1F1EF98926ACC7A200A943FF /* Sketch3DModel.swift in Sources */ = {isa = PBXBuildFile; fileRef = 1F1EF90926ACC7A200A943FF /* Sketch3DModel.swift */; };
		1F1EF98A26ACC7A200A943FF /* Sketch3DModel.swift in Sources */ = {isa = PBXBuildFile; fileRef = 1F1EF90926ACC7A200A943FF /* Sketch3DModel.swift */; };
		1F1EF98B26ACC7A200A943FF /* TransitionSCNNode.swift in Sources */ = {isa = PBXBuildFile; fileRef = 1F1EF90A26ACC7A200A943FF /* TransitionSCNNode.swift */; };
		1F1EF98C26ACC7A200A943FF /* TransitionSCNNode.swift in Sources */ = {isa = PBXBuildFile; fileRef = 1F1EF90A26ACC7A200A943FF /* TransitionSCNNode.swift */; };
		1F1EF98D26ACC7A200A943FF /* TransitionSCNNode.swift in Sources */ = {isa = PBXBuildFile; fileRef = 1F1EF90A26ACC7A200A943FF /* TransitionSCNNode.swift */; };
		1F1EF98E26ACC7A200A943FF /* Camera3D.swift in Sources */ = {isa = PBXBuildFile; fileRef = 1F1EF90B26ACC7A200A943FF /* Camera3D.swift */; };
		1F1EF98F26ACC7A200A943FF /* Camera3D.swift in Sources */ = {isa = PBXBuildFile; fileRef = 1F1EF90B26ACC7A200A943FF /* Camera3D.swift */; };
		1F1EF99026ACC7A200A943FF /* Camera3D.swift in Sources */ = {isa = PBXBuildFile; fileRef = 1F1EF90B26ACC7A200A943FF /* Camera3D.swift */; };
		1F1EF99126ACC7A200A943FF /* Sketch3DLight.swift in Sources */ = {isa = PBXBuildFile; fileRef = 1F1EF90C26ACC7A200A943FF /* Sketch3DLight.swift */; };
		1F1EF99226ACC7A200A943FF /* Sketch3DLight.swift in Sources */ = {isa = PBXBuildFile; fileRef = 1F1EF90C26ACC7A200A943FF /* Sketch3DLight.swift */; };
		1F1EF99326ACC7A200A943FF /* Sketch3DLight.swift in Sources */ = {isa = PBXBuildFile; fileRef = 1F1EF90C26ACC7A200A943FF /* Sketch3DLight.swift */; };
		1F1EF99426ACC7A200A943FF /* SketchNotifications.swift in Sources */ = {isa = PBXBuildFile; fileRef = 1F1EF90D26ACC7A200A943FF /* SketchNotifications.swift */; };
		1F1EF99526ACC7A200A943FF /* SketchNotifications.swift in Sources */ = {isa = PBXBuildFile; fileRef = 1F1EF90D26ACC7A200A943FF /* SketchNotifications.swift */; };
		1F1EF99626ACC7A200A943FF /* SketchNotifications.swift in Sources */ = {isa = PBXBuildFile; fileRef = 1F1EF90D26ACC7A200A943FF /* SketchNotifications.swift */; };
		1F1EF99726ACC7A200A943FF /* SketchVisibility.swift in Sources */ = {isa = PBXBuildFile; fileRef = 1F1EF90E26ACC7A200A943FF /* SketchVisibility.swift */; };
		1F1EF99826ACC7A200A943FF /* SketchVisibility.swift in Sources */ = {isa = PBXBuildFile; fileRef = 1F1EF90E26ACC7A200A943FF /* SketchVisibility.swift */; };
		1F1EF99926ACC7A200A943FF /* SketchVisibility.swift in Sources */ = {isa = PBXBuildFile; fileRef = 1F1EF90E26ACC7A200A943FF /* SketchVisibility.swift */; };
		1F1EF99A26ACC7A200A943FF /* NumericProtocolExtension.swift in Sources */ = {isa = PBXBuildFile; fileRef = 1F1EF90F26ACC7A200A943FF /* NumericProtocolExtension.swift */; };
		1F1EF99B26ACC7A200A943FF /* NumericProtocolExtension.swift in Sources */ = {isa = PBXBuildFile; fileRef = 1F1EF90F26ACC7A200A943FF /* NumericProtocolExtension.swift */; };
		1F1EF99C26ACC7A200A943FF /* NumericProtocolExtension.swift in Sources */ = {isa = PBXBuildFile; fileRef = 1F1EF90F26ACC7A200A943FF /* NumericProtocolExtension.swift */; };
		1F1EF99D26ACC7A200A943FF /* SketchTypography.swift in Sources */ = {isa = PBXBuildFile; fileRef = 1F1EF91026ACC7A200A943FF /* SketchTypography.swift */; };
		1F1EF99E26ACC7A200A943FF /* SketchTypography.swift in Sources */ = {isa = PBXBuildFile; fileRef = 1F1EF91026ACC7A200A943FF /* SketchTypography.swift */; };
		1F1EF99F26ACC7A200A943FF /* SketchTypography.swift in Sources */ = {isa = PBXBuildFile; fileRef = 1F1EF91026ACC7A200A943FF /* SketchTypography.swift */; };
		1F1EF9A026ACC7A200A943FF /* SketchScroll.swift in Sources */ = {isa = PBXBuildFile; fileRef = 1F1EF91126ACC7A200A943FF /* SketchScroll.swift */; };
		1F1EF9A126ACC7A200A943FF /* SketchScroll.swift in Sources */ = {isa = PBXBuildFile; fileRef = 1F1EF91126ACC7A200A943FF /* SketchScroll.swift */; };
		1F1EF9A226ACC7A200A943FF /* SketchScroll.swift in Sources */ = {isa = PBXBuildFile; fileRef = 1F1EF91126ACC7A200A943FF /* SketchScroll.swift */; };
		1F1EF9A326ACC7A200A943FF /* SketchCalculation.swift in Sources */ = {isa = PBXBuildFile; fileRef = 1F1EF91226ACC7A200A943FF /* SketchCalculation.swift */; };
		1F1EF9A426ACC7A200A943FF /* SketchCalculation.swift in Sources */ = {isa = PBXBuildFile; fileRef = 1F1EF91226ACC7A200A943FF /* SketchCalculation.swift */; };
		1F1EF9A526ACC7A200A943FF /* SketchCalculation.swift in Sources */ = {isa = PBXBuildFile; fileRef = 1F1EF91226ACC7A200A943FF /* SketchCalculation.swift */; };
		1F1EF9A626ACC7A200A943FF /* SketchStructure.swift in Sources */ = {isa = PBXBuildFile; fileRef = 1F1EF91326ACC7A200A943FF /* SketchStructure.swift */; };
		1F1EF9A726ACC7A200A943FF /* SketchStructure.swift in Sources */ = {isa = PBXBuildFile; fileRef = 1F1EF91326ACC7A200A943FF /* SketchStructure.swift */; };
		1F1EF9A826ACC7A200A943FF /* SketchStructure.swift in Sources */ = {isa = PBXBuildFile; fileRef = 1F1EF91326ACC7A200A943FF /* SketchStructure.swift */; };
		1F1EF9A926ACC7A200A943FF /* SketchRandom.swift in Sources */ = {isa = PBXBuildFile; fileRef = 1F1EF91426ACC7A200A943FF /* SketchRandom.swift */; };
		1F1EF9AA26ACC7A200A943FF /* SketchRandom.swift in Sources */ = {isa = PBXBuildFile; fileRef = 1F1EF91426ACC7A200A943FF /* SketchRandom.swift */; };
		1F1EF9AB26ACC7A200A943FF /* SketchRandom.swift in Sources */ = {isa = PBXBuildFile; fileRef = 1F1EF91426ACC7A200A943FF /* SketchRandom.swift */; };
		1F1EF9AC26ACC7A200A943FF /* SketchData.swift in Sources */ = {isa = PBXBuildFile; fileRef = 1F1EF91526ACC7A200A943FF /* SketchData.swift */; };
		1F1EF9AD26ACC7A200A943FF /* SketchData.swift in Sources */ = {isa = PBXBuildFile; fileRef = 1F1EF91526ACC7A200A943FF /* SketchData.swift */; };
		1F1EF9AE26ACC7A200A943FF /* SketchData.swift in Sources */ = {isa = PBXBuildFile; fileRef = 1F1EF91526ACC7A200A943FF /* SketchData.swift */; };
		1F9EB3DB26D1526500FF3AE5 /* SketchStacks.swift in Sources */ = {isa = PBXBuildFile; fileRef = 1F9EB3DA26D1526500FF3AE5 /* SketchStacks.swift */; };
		1F9EB3DC26D1526500FF3AE5 /* SketchStacks.swift in Sources */ = {isa = PBXBuildFile; fileRef = 1F9EB3DA26D1526500FF3AE5 /* SketchStacks.swift */; };
		1F9EB3DD26D1526500FF3AE5 /* SketchStacks.swift in Sources */ = {isa = PBXBuildFile; fileRef = 1F9EB3DA26D1526500FF3AE5 /* SketchStacks.swift */; };
		1F9EB3DF26D152EC00FF3AE5 /* SketchEnums.swift in Sources */ = {isa = PBXBuildFile; fileRef = 1F9EB3DE26D152EC00FF3AE5 /* SketchEnums.swift */; };
		1F9EB3E026D152EC00FF3AE5 /* SketchEnums.swift in Sources */ = {isa = PBXBuildFile; fileRef = 1F9EB3DE26D152EC00FF3AE5 /* SketchEnums.swift */; };
		1F9EB3E126D152EC00FF3AE5 /* SketchEnums.swift in Sources */ = {isa = PBXBuildFile; fileRef = 1F9EB3DE26D152EC00FF3AE5 /* SketchEnums.swift */; };
		1F9EB3E326D152FE00FF3AE5 /* SketchPushPop.swift in Sources */ = {isa = PBXBuildFile; fileRef = 1F9EB3E226D152FE00FF3AE5 /* SketchPushPop.swift */; };
		1F9EB3E426D152FE00FF3AE5 /* SketchPushPop.swift in Sources */ = {isa = PBXBuildFile; fileRef = 1F9EB3E226D152FE00FF3AE5 /* SketchPushPop.swift */; };
		1F9EB3E526D152FE00FF3AE5 /* SketchPushPop.swift in Sources */ = {isa = PBXBuildFile; fileRef = 1F9EB3E226D152FE00FF3AE5 /* SketchPushPop.swift */; };
		OBJ_129 /* Package.swift in Sources */ = {isa = PBXBuildFile; fileRef = OBJ_6 /* Package.swift */; };
		OBJ_140 /* SwiftProcessingTests.swift in Sources */ = {isa = PBXBuildFile; fileRef = OBJ_62 /* SwiftProcessingTests.swift */; };
		OBJ_141 /* VectorTests.swift in Sources */ = {isa = PBXBuildFile; fileRef = OBJ_63 /* VectorTests.swift */; };
		OBJ_142 /* XCTestManifests.swift in Sources */ = {isa = PBXBuildFile; fileRef = OBJ_64 /* XCTestManifests.swift */; };
		OBJ_144 /* SwiftProcessing.framework in Frameworks */ = {isa = PBXBuildFile; fileRef = "SwiftProcessing::SwiftProcessing::Product" /* SwiftProcessing.framework */; };
/* End PBXBuildFile section */

/* Begin PBXContainerItemProxy section */
		F0823A0E2538FA670026169A /* PBXContainerItemProxy */ = {
			isa = PBXContainerItemProxy;
			containerPortal = OBJ_1 /* Project object */;
			proxyType = 1;
			remoteGlobalIDString = "SwiftProcessing::SwiftProcessing";
			remoteInfo = SwiftProcessing;
		};
		F0823A112538FA7A0026169A /* PBXContainerItemProxy */ = {
			isa = PBXContainerItemProxy;
			containerPortal = OBJ_1 /* Project object */;
			proxyType = 1;
			remoteGlobalIDString = "SwiftProcessing::SwiftProcessingTests";
			remoteInfo = SwiftProcessingTests;
		};
/* End PBXContainerItemProxy section */

/* Begin PBXFileReference section */
		1F1EF8E026ACC7A200A943FF /* Label.swift */ = {isa = PBXFileReference; fileEncoding = 4; lastKnownFileType = sourcecode.swift; path = Label.swift; sourceTree = "<group>"; };
		1F1EF8E126ACC7A200A943FF /* Alert.swift */ = {isa = PBXFileReference; fileEncoding = 4; lastKnownFileType = sourcecode.swift; path = Alert.swift; sourceTree = "<group>"; };
		1F1EF8E226ACC7A200A943FF /* Capture.swift */ = {isa = PBXFileReference; fileEncoding = 4; lastKnownFileType = sourcecode.swift; path = Capture.swift; sourceTree = "<group>"; };
		1F1EF8E326ACC7A200A943FF /* UIKitViewElement.swift */ = {isa = PBXFileReference; fileEncoding = 4; lastKnownFileType = sourcecode.swift; path = UIKitViewElement.swift; sourceTree = "<group>"; };
		1F1EF8E426ACC7A200A943FF /* Switch.swift */ = {isa = PBXFileReference; fileEncoding = 4; lastKnownFileType = sourcecode.swift; path = Switch.swift; sourceTree = "<group>"; };
		1F1EF8E526ACC7A200A943FF /* TextField.swift */ = {isa = PBXFileReference; fileEncoding = 4; lastKnownFileType = sourcecode.swift; path = TextField.swift; sourceTree = "<group>"; };
		1F1EF8E626ACC7A200A943FF /* Slider.swift */ = {isa = PBXFileReference; fileEncoding = 4; lastKnownFileType = sourcecode.swift; path = Slider.swift; sourceTree = "<group>"; };
		1F1EF8E726ACC7A200A943FF /* Stepper.swift */ = {isa = PBXFileReference; fileEncoding = 4; lastKnownFileType = sourcecode.swift; path = Stepper.swift; sourceTree = "<group>"; };
		1F1EF8E826ACC7A200A943FF /* UIApplicationExtensions.swift */ = {isa = PBXFileReference; fileEncoding = 4; lastKnownFileType = sourcecode.swift; path = UIApplicationExtensions.swift; sourceTree = "<group>"; };
		1F1EF8E926ACC7A200A943FF /* UIKitControlElement.swift */ = {isa = PBXFileReference; fileEncoding = 4; lastKnownFileType = sourcecode.swift; path = UIKitControlElement.swift; sourceTree = "<group>"; };
		1F1EF8EA26ACC7A200A943FF /* Button.swift */ = {isa = PBXFileReference; fileEncoding = 4; lastKnownFileType = sourcecode.swift; path = Button.swift; sourceTree = "<group>"; };
		1F1EF8EB26ACC7A200A943FF /* SketchVertex.swift */ = {isa = PBXFileReference; fileEncoding = 4; lastKnownFileType = sourcecode.swift; path = SketchVertex.swift; sourceTree = "<group>"; };
		1F1EF8EC26ACC7A200A943FF /* SketchAugmentedReality.swift */ = {isa = PBXFileReference; fileEncoding = 4; lastKnownFileType = sourcecode.swift; path = SketchAugmentedReality.swift; sourceTree = "<group>"; };
		1F1EF8ED26ACC7A200A943FF /* SketchTransform.swift */ = {isa = PBXFileReference; fileEncoding = 4; lastKnownFileType = sourcecode.swift; path = SketchTransform.swift; sourceTree = "<group>"; };
		1F1EF8EE26ACC7A200A943FF /* SketchPixels.swift */ = {isa = PBXFileReference; fileEncoding = 4; lastKnownFileType = sourcecode.swift; path = SketchPixels.swift; sourceTree = "<group>"; };
		1F1EF8F026ACC7A200A943FF /* GifSwift.swift */ = {isa = PBXFileReference; fileEncoding = 4; lastKnownFileType = sourcecode.swift; path = GifSwift.swift; sourceTree = "<group>"; };
		1F1EF8F126ACC7A200A943FF /* Image.swift */ = {isa = PBXFileReference; fileEncoding = 4; lastKnownFileType = sourcecode.swift; path = Image.swift; sourceTree = "<group>"; };
		1F1EF8F226ACC7A200A943FF /* ImagePicker.swift */ = {isa = PBXFileReference; fileEncoding = 4; lastKnownFileType = sourcecode.swift; path = ImagePicker.swift; sourceTree = "<group>"; };
		1F1EF8F326ACC7A200A943FF /* SketchImage.swift */ = {isa = PBXFileReference; fileEncoding = 4; lastKnownFileType = sourcecode.swift; path = SketchImage.swift; sourceTree = "<group>"; };
		1F1EF8F426ACC7A200A943FF /* SketchSettings.swift */ = {isa = PBXFileReference; fileEncoding = 4; lastKnownFileType = sourcecode.swift; path = SketchSettings.swift; sourceTree = "<group>"; };
		1F1EF8F526ACC7A200A943FF /* Sketch2DPrimitives.swift */ = {isa = PBXFileReference; fileEncoding = 4; lastKnownFileType = sourcecode.swift; path = Sketch2DPrimitives.swift; sourceTree = "<group>"; };
		1F1EF8F626ACC7A200A943FF /* Sketch.swift */ = {isa = PBXFileReference; fileEncoding = 4; lastKnownFileType = sourcecode.swift; path = Sketch.swift; sourceTree = "<group>"; };
		1F1EF8F726ACC7A200A943FF /* SketchColor.swift */ = {isa = PBXFileReference; fileEncoding = 4; lastKnownFileType = sourcecode.swift; path = SketchColor.swift; sourceTree = "<group>"; };
		1F1EF8F826ACC7A200A943FF /* SketchVector.swift */ = {isa = PBXFileReference; fileEncoding = 4; lastKnownFileType = sourcecode.swift; path = SketchVector.swift; sourceTree = "<group>"; };
		1F1EF8F926ACC7A200A943FF /* SketchTouch.swift */ = {isa = PBXFileReference; fileEncoding = 4; lastKnownFileType = sourcecode.swift; path = SketchTouch.swift; sourceTree = "<group>"; };
		1F1EF8FB26ACC7A200A943FF /* SketchCanvas.swift */ = {isa = PBXFileReference; fileEncoding = 4; lastKnownFileType = sourcecode.swift; path = SketchCanvas.swift; sourceTree = "<group>"; };
		1F1EF8FC26ACC7A200A943FF /* SketchEnvironment.swift */ = {isa = PBXFileReference; fileEncoding = 4; lastKnownFileType = sourcecode.swift; path = SketchEnvironment.swift; sourceTree = "<group>"; };
		1F1EF8FD26ACC7A200A943FF /* SketchAttributes.swift */ = {isa = PBXFileReference; fileEncoding = 4; lastKnownFileType = sourcecode.swift; path = SketchAttributes.swift; sourceTree = "<group>"; };
		1F1EF8FE26ACC7A200A943FF /* SketchOperatorOverloads.swift */ = {isa = PBXFileReference; fileEncoding = 4; lastKnownFileType = sourcecode.swift; path = SketchOperatorOverloads.swift; sourceTree = "<group>"; };
		1F1EF90026ACC7A200A943FF /* AudioIn.swift */ = {isa = PBXFileReference; fileEncoding = 4; lastKnownFileType = sourcecode.swift; path = AudioIn.swift; sourceTree = "<group>"; };
		1F1EF90226ACC7A200A943FF /* ModelNode.swift */ = {isa = PBXFileReference; fileEncoding = 4; lastKnownFileType = sourcecode.swift; path = ModelNode.swift; sourceTree = "<group>"; };
		1F1EF90326ACC7A200A943FF /* Sketch3D.swift */ = {isa = PBXFileReference; fileEncoding = 4; lastKnownFileType = sourcecode.swift; path = Sketch3D.swift; sourceTree = "<group>"; };
		1F1EF90426ACC7A200A943FF /* Sketch3DPrimitives.swift */ = {isa = PBXFileReference; fileEncoding = 4; lastKnownFileType = sourcecode.swift; path = Sketch3DPrimitives.swift; sourceTree = "<group>"; };
		1F1EF90526ACC7A200A943FF /* Sketch3DTransform.swift */ = {isa = PBXFileReference; fileEncoding = 4; lastKnownFileType = sourcecode.swift; path = Sketch3DTransform.swift; sourceTree = "<group>"; };
		1F1EF90626ACC7A200A943FF /* Sketch3DEnviroment.swift */ = {isa = PBXFileReference; fileEncoding = 4; lastKnownFileType = sourcecode.swift; path = Sketch3DEnviroment.swift; sourceTree = "<group>"; };
		1F1EF90726ACC7A200A943FF /* Sketch3DCamera.swift */ = {isa = PBXFileReference; fileEncoding = 4; lastKnownFileType = sourcecode.swift; path = Sketch3DCamera.swift; sourceTree = "<group>"; };
		1F1EF90826ACC7A200A943FF /* Sketch3DTexture.swift */ = {isa = PBXFileReference; fileEncoding = 4; lastKnownFileType = sourcecode.swift; path = Sketch3DTexture.swift; sourceTree = "<group>"; };
		1F1EF90926ACC7A200A943FF /* Sketch3DModel.swift */ = {isa = PBXFileReference; fileEncoding = 4; lastKnownFileType = sourcecode.swift; path = Sketch3DModel.swift; sourceTree = "<group>"; };
		1F1EF90A26ACC7A200A943FF /* TransitionSCNNode.swift */ = {isa = PBXFileReference; fileEncoding = 4; lastKnownFileType = sourcecode.swift; path = TransitionSCNNode.swift; sourceTree = "<group>"; };
		1F1EF90B26ACC7A200A943FF /* Camera3D.swift */ = {isa = PBXFileReference; fileEncoding = 4; lastKnownFileType = sourcecode.swift; path = Camera3D.swift; sourceTree = "<group>"; };
		1F1EF90C26ACC7A200A943FF /* Sketch3DLight.swift */ = {isa = PBXFileReference; fileEncoding = 4; lastKnownFileType = sourcecode.swift; path = Sketch3DLight.swift; sourceTree = "<group>"; };
		1F1EF90D26ACC7A200A943FF /* SketchNotifications.swift */ = {isa = PBXFileReference; fileEncoding = 4; lastKnownFileType = sourcecode.swift; path = SketchNotifications.swift; sourceTree = "<group>"; };
		1F1EF90E26ACC7A200A943FF /* SketchVisibility.swift */ = {isa = PBXFileReference; fileEncoding = 4; lastKnownFileType = sourcecode.swift; path = SketchVisibility.swift; sourceTree = "<group>"; };
		1F1EF90F26ACC7A200A943FF /* NumericProtocolExtension.swift */ = {isa = PBXFileReference; fileEncoding = 4; lastKnownFileType = sourcecode.swift; path = NumericProtocolExtension.swift; sourceTree = "<group>"; };
		1F1EF91026ACC7A200A943FF /* SketchTypography.swift */ = {isa = PBXFileReference; fileEncoding = 4; lastKnownFileType = sourcecode.swift; path = SketchTypography.swift; sourceTree = "<group>"; };
		1F1EF91126ACC7A200A943FF /* SketchScroll.swift */ = {isa = PBXFileReference; fileEncoding = 4; lastKnownFileType = sourcecode.swift; path = SketchScroll.swift; sourceTree = "<group>"; };
		1F1EF91226ACC7A200A943FF /* SketchCalculation.swift */ = {isa = PBXFileReference; fileEncoding = 4; lastKnownFileType = sourcecode.swift; path = SketchCalculation.swift; sourceTree = "<group>"; };
		1F1EF91326ACC7A200A943FF /* SketchStructure.swift */ = {isa = PBXFileReference; fileEncoding = 4; lastKnownFileType = sourcecode.swift; path = SketchStructure.swift; sourceTree = "<group>"; };
		1F1EF91426ACC7A200A943FF /* SketchRandom.swift */ = {isa = PBXFileReference; fileEncoding = 4; lastKnownFileType = sourcecode.swift; path = SketchRandom.swift; sourceTree = "<group>"; };
		1F1EF91526ACC7A200A943FF /* SketchData.swift */ = {isa = PBXFileReference; fileEncoding = 4; lastKnownFileType = sourcecode.swift; path = SketchData.swift; sourceTree = "<group>"; };
		1F22588F26D1595F0029B7C6 /* Interactivity and Control Flow.playground */ = {isa = PBXFileReference; lastKnownFileType = file.playground; path = "Interactivity and Control Flow.playground"; sourceTree = "<group>"; };
		1F91C79026D1840100C7A2E9 /* Modularity.playground */ = {isa = PBXFileReference; lastKnownFileType = file.playground; path = Modularity.playground; sourceTree = "<group>"; };
		1F9EB3DA26D1526500FF3AE5 /* SketchStacks.swift */ = {isa = PBXFileReference; fileEncoding = 4; lastKnownFileType = sourcecode.swift; path = SketchStacks.swift; sourceTree = "<group>"; };
		1F9EB3DE26D152EC00FF3AE5 /* SketchEnums.swift */ = {isa = PBXFileReference; fileEncoding = 4; lastKnownFileType = sourcecode.swift; path = SketchEnums.swift; sourceTree = "<group>"; };
		1F9EB3E226D152FE00FF3AE5 /* SketchPushPop.swift */ = {isa = PBXFileReference; fileEncoding = 4; lastKnownFileType = sourcecode.swift; path = SketchPushPop.swift; sourceTree = "<group>"; };
		1F9EB3FC26D153F000FF3AE5 /* Basics.playground */ = {isa = PBXFileReference; lastKnownFileType = file.playground; path = Basics.playground; sourceTree = "<group>"; xcLanguageSpecificationIdentifier = xcode.lang.swift; };
		OBJ_6 /* Package.swift */ = {isa = PBXFileReference; explicitFileType = sourcecode.swift; path = Package.swift; sourceTree = "<group>"; };
		OBJ_62 /* SwiftProcessingTests.swift */ = {isa = PBXFileReference; lastKnownFileType = sourcecode.swift; path = SwiftProcessingTests.swift; sourceTree = "<group>"; };
		OBJ_63 /* VectorTests.swift */ = {isa = PBXFileReference; lastKnownFileType = sourcecode.swift; path = VectorTests.swift; sourceTree = "<group>"; };
		OBJ_64 /* XCTestManifests.swift */ = {isa = PBXFileReference; lastKnownFileType = sourcecode.swift; path = XCTestManifests.swift; sourceTree = "<group>"; };
		OBJ_68 /* README.md */ = {isa = PBXFileReference; lastKnownFileType = net.daringfireball.markdown; path = README.md; sourceTree = "<group>"; };
		OBJ_69 /* _config.yml */ = {isa = PBXFileReference; lastKnownFileType = text.yaml; path = _config.yml; sourceTree = "<group>"; };
		OBJ_70 /* install-swift-processing-template.command */ = {isa = PBXFileReference; lastKnownFileType = text; path = "install-swift-processing-template.command"; sourceTree = "<group>"; };
		"SwiftProcessing::SwiftProcessing::Product" /* SwiftProcessing.framework */ = {isa = PBXFileReference; lastKnownFileType = wrapper.framework; path = SwiftProcessing.framework; sourceTree = BUILT_PRODUCTS_DIR; };
		"SwiftProcessing::SwiftProcessingTests::Product" /* SwiftProcessingTests.xctest */ = {isa = PBXFileReference; explicitFileType = wrapper.cfbundle; path = SwiftProcessingTests.xctest; sourceTree = BUILT_PRODUCTS_DIR; };
/* End PBXFileReference section */

/* Begin PBXFrameworksBuildPhase section */
		OBJ_123 /* Frameworks */ = {
			isa = PBXFrameworksBuildPhase;
			buildActionMask = 0;
			files = (
			);
			runOnlyForDeploymentPostprocessing = 0;
		};
		OBJ_143 /* Frameworks */ = {
			isa = PBXFrameworksBuildPhase;
			buildActionMask = 0;
			files = (
				OBJ_144 /* SwiftProcessing.framework in Frameworks */,
			);
			runOnlyForDeploymentPostprocessing = 0;
		};
/* End PBXFrameworksBuildPhase section */

/* Begin PBXGroup section */
		1F1EF8DE26ACC7A200A943FF /* Core */ = {
			isa = PBXGroup;
			children = (
				1F1EF8FF26ACC7A200A943FF /* Audio */,
				1F1EF8EF26ACC7A200A943FF /* Images */,
				1F1EF90F26ACC7A200A943FF /* NumericProtocolExtension.swift */,
				1F1EF8F626ACC7A200A943FF /* Sketch.swift */,
				1F1EF8F526ACC7A200A943FF /* Sketch2DPrimitives.swift */,
				1F1EF90126ACC7A200A943FF /* Sketch3D */,
				1F1EF8FD26ACC7A200A943FF /* SketchAttributes.swift */,
				1F1EF8EC26ACC7A200A943FF /* SketchAugmentedReality.swift */,
				1F1EF91226ACC7A200A943FF /* SketchCalculation.swift */,
				1F1EF8FB26ACC7A200A943FF /* SketchCanvas.swift */,
				1F1EF8F726ACC7A200A943FF /* SketchColor.swift */,
				1F1EF91526ACC7A200A943FF /* SketchData.swift */,
				1F9EB3DE26D152EC00FF3AE5 /* SketchEnums.swift */,
				1F1EF8FC26ACC7A200A943FF /* SketchEnvironment.swift */,
				1F1EF90D26ACC7A200A943FF /* SketchNotifications.swift */,
				1F1EF8FE26ACC7A200A943FF /* SketchOperatorOverloads.swift */,
				1F1EF8EE26ACC7A200A943FF /* SketchPixels.swift */,
				1F9EB3E226D152FE00FF3AE5 /* SketchPushPop.swift */,
				1F1EF91426ACC7A200A943FF /* SketchRandom.swift */,
				1F1EF91126ACC7A200A943FF /* SketchScroll.swift */,
				1F1EF8F426ACC7A200A943FF /* SketchSettings.swift */,
				1F9EB3DA26D1526500FF3AE5 /* SketchStacks.swift */,
				1F1EF91326ACC7A200A943FF /* SketchStructure.swift */,
				1F1EF8F926ACC7A200A943FF /* SketchTouch.swift */,
				1F1EF8ED26ACC7A200A943FF /* SketchTransform.swift */,
				1F1EF91026ACC7A200A943FF /* SketchTypography.swift */,
				1F1EF8F826ACC7A200A943FF /* SketchVector.swift */,
				1F1EF8EB26ACC7A200A943FF /* SketchVertex.swift */,
				1F1EF90E26ACC7A200A943FF /* SketchVisibility.swift */,
				1F1EF8DF26ACC7A200A943FF /* UIKitElements */,
			);
			path = Core;
			sourceTree = "<group>";
		};
		1F1EF8DF26ACC7A200A943FF /* UIKitElements */ = {
			isa = PBXGroup;
			children = (
				1F1EF8E026ACC7A200A943FF /* Label.swift */,
				1F1EF8E126ACC7A200A943FF /* Alert.swift */,
				1F1EF8E226ACC7A200A943FF /* Capture.swift */,
				1F1EF8E326ACC7A200A943FF /* UIKitViewElement.swift */,
				1F1EF8E426ACC7A200A943FF /* Switch.swift */,
				1F1EF8E526ACC7A200A943FF /* TextField.swift */,
				1F1EF8E626ACC7A200A943FF /* Slider.swift */,
				1F1EF8E726ACC7A200A943FF /* Stepper.swift */,
				1F1EF8E826ACC7A200A943FF /* UIApplicationExtensions.swift */,
				1F1EF8E926ACC7A200A943FF /* UIKitControlElement.swift */,
				1F1EF8EA26ACC7A200A943FF /* Button.swift */,
			);
			path = UIKitElements;
			sourceTree = "<group>";
		};
		1F1EF8EF26ACC7A200A943FF /* Images */ = {
			isa = PBXGroup;
			children = (
				1F1EF8F026ACC7A200A943FF /* GifSwift.swift */,
				1F1EF8F126ACC7A200A943FF /* Image.swift */,
				1F1EF8F226ACC7A200A943FF /* ImagePicker.swift */,
				1F1EF8F326ACC7A200A943FF /* SketchImage.swift */,
			);
			path = Images;
			sourceTree = "<group>";
		};
		1F1EF8FF26ACC7A200A943FF /* Audio */ = {
			isa = PBXGroup;
			children = (
				1F1EF90026ACC7A200A943FF /* AudioIn.swift */,
			);
			path = Audio;
			sourceTree = "<group>";
		};
		1F1EF90126ACC7A200A943FF /* Sketch3D */ = {
			isa = PBXGroup;
			children = (
				1F1EF90226ACC7A200A943FF /* ModelNode.swift */,
				1F1EF90326ACC7A200A943FF /* Sketch3D.swift */,
				1F1EF90426ACC7A200A943FF /* Sketch3DPrimitives.swift */,
				1F1EF90526ACC7A200A943FF /* Sketch3DTransform.swift */,
				1F1EF90626ACC7A200A943FF /* Sketch3DEnviroment.swift */,
				1F1EF90726ACC7A200A943FF /* Sketch3DCamera.swift */,
				1F1EF90826ACC7A200A943FF /* Sketch3DTexture.swift */,
				1F1EF90926ACC7A200A943FF /* Sketch3DModel.swift */,
				1F1EF90A26ACC7A200A943FF /* TransitionSCNNode.swift */,
				1F1EF90B26ACC7A200A943FF /* Camera3D.swift */,
				1F1EF90C26ACC7A200A943FF /* Sketch3DLight.swift */,
			);
			path = Sketch3D;
			sourceTree = "<group>";
		};
		1F9EB3FB26D153B300FF3AE5 /* Playgrounds */ = {
			isa = PBXGroup;
			children = (
				1F9EB3FC26D153F000FF3AE5 /* Basics.playground */,
				1F22588F26D1595F0029B7C6 /* Interactivity and Control Flow.playground */,
				1F91C79026D1840100C7A2E9 /* Modularity.playground */,
			);
			path = Playgrounds;
			sourceTree = "<group>";
		};
		OBJ_5 = {
			isa = PBXGroup;
			children = (
				1F9EB3FB26D153B300FF3AE5 /* Playgrounds */,
				OBJ_6 /* Package.swift */,
				OBJ_7 /* Sources */,
				OBJ_60 /* Tests */,
				OBJ_65 /* Products */,
				OBJ_68 /* README.md */,
				OBJ_69 /* _config.yml */,
				OBJ_70 /* install-swift-processing-template.command */,
			);
			sourceTree = "<group>";
		};
		OBJ_60 /* Tests */ = {
			isa = PBXGroup;
			children = (
				OBJ_61 /* SwiftProcessingTests */,
			);
			name = Tests;
			sourceTree = SOURCE_ROOT;
		};
		OBJ_61 /* SwiftProcessingTests */ = {
			isa = PBXGroup;
			children = (
				OBJ_62 /* SwiftProcessingTests.swift */,
				OBJ_63 /* VectorTests.swift */,
				OBJ_64 /* XCTestManifests.swift */,
			);
			name = SwiftProcessingTests;
			path = Tests/SwiftProcessingTests;
			sourceTree = SOURCE_ROOT;
		};
		OBJ_65 /* Products */ = {
			isa = PBXGroup;
			children = (
				"SwiftProcessing::SwiftProcessingTests::Product" /* SwiftProcessingTests.xctest */,
				"SwiftProcessing::SwiftProcessing::Product" /* SwiftProcessing.framework */,
			);
			name = Products;
			sourceTree = BUILT_PRODUCTS_DIR;
		};
		OBJ_7 /* Sources */ = {
			isa = PBXGroup;
			children = (
				OBJ_8 /* SwiftProcessing */,
			);
			name = Sources;
			sourceTree = SOURCE_ROOT;
		};
		OBJ_8 /* SwiftProcessing */ = {
			isa = PBXGroup;
			children = (
				1F1EF8DE26ACC7A200A943FF /* Core */,
			);
			name = SwiftProcessing;
			path = Sources/SwiftProcessing;
			sourceTree = SOURCE_ROOT;
		};
/* End PBXGroup section */

/* Begin PBXNativeTarget section */
		"SwiftProcessing::SwiftPMPackageDescription" /* SwiftProcessingPackageDescription */ = {
			isa = PBXNativeTarget;
			buildConfigurationList = OBJ_125 /* Build configuration list for PBXNativeTarget "SwiftProcessingPackageDescription" */;
			buildPhases = (
				OBJ_128 /* Sources */,
			);
			buildRules = (
			);
			dependencies = (
			);
			name = SwiftProcessingPackageDescription;
			productName = SwiftProcessingPackageDescription;
			productType = "com.apple.product-type.framework";
		};
		"SwiftProcessing::SwiftProcessing" /* SwiftProcessing */ = {
			isa = PBXNativeTarget;
			buildConfigurationList = OBJ_72 /* Build configuration list for PBXNativeTarget "SwiftProcessing" */;
			buildPhases = (
				OBJ_75 /* Sources */,
				OBJ_123 /* Frameworks */,
			);
			buildRules = (
			);
			dependencies = (
			);
			name = SwiftProcessing;
			productName = SwiftProcessing;
			productReference = "SwiftProcessing::SwiftProcessing::Product" /* SwiftProcessing.framework */;
			productType = "com.apple.product-type.framework";
		};
		"SwiftProcessing::SwiftProcessingTests" /* SwiftProcessingTests */ = {
			isa = PBXNativeTarget;
			buildConfigurationList = OBJ_136 /* Build configuration list for PBXNativeTarget "SwiftProcessingTests" */;
			buildPhases = (
				OBJ_139 /* Sources */,
				OBJ_143 /* Frameworks */,
			);
			buildRules = (
			);
			dependencies = (
				OBJ_145 /* PBXTargetDependency */,
			);
			name = SwiftProcessingTests;
			productName = SwiftProcessingTests;
			productReference = "SwiftProcessing::SwiftProcessingTests::Product" /* SwiftProcessingTests.xctest */;
			productType = "com.apple.product-type.bundle.unit-test";
		};
/* End PBXNativeTarget section */

/* Begin PBXProject section */
		OBJ_1 /* Project object */ = {
			isa = PBXProject;
			attributes = {
				LastSwiftMigration = 9999;
				LastUpgradeCheck = 9999;
			};
			buildConfigurationList = OBJ_2 /* Build configuration list for PBXProject "SwiftProcessing" */;
			compatibilityVersion = "Xcode 3.2";
			developmentRegion = en;
			hasScannedForEncodings = 0;
			knownRegions = (
				en,
			);
			mainGroup = OBJ_5;
			productRefGroup = OBJ_65 /* Products */;
			projectDirPath = "";
			projectRoot = "";
			targets = (
				"SwiftProcessing::SwiftProcessing" /* SwiftProcessing */,
				"SwiftProcessing::SwiftPMPackageDescription" /* SwiftProcessingPackageDescription */,
				"SwiftProcessing::SwiftProcessingPackageTests::ProductTarget" /* SwiftProcessingPackageTests */,
				"SwiftProcessing::SwiftProcessingTests" /* SwiftProcessingTests */,
			);
		};
/* End PBXProject section */

/* Begin PBXSourcesBuildPhase section */
		OBJ_128 /* Sources */ = {
			isa = PBXSourcesBuildPhase;
			buildActionMask = 0;
			files = (
				1F1EF93E26ACC7A200A943FF /* SketchTransform.swift in Sources */,
				1F1EF95F26ACC7A200A943FF /* SketchTouch.swift in Sources */,
				1F1EF94726ACC7A200A943FF /* Image.swift in Sources */,
				1F1EF93826ACC7A200A943FF /* SketchVertex.swift in Sources */,
				1F1EF97A26ACC7A200A943FF /* Sketch3DPrimitives.swift in Sources */,
				1F9EB3E426D152FE00FF3AE5 /* SketchPushPop.swift in Sources */,
				1F1EF95626ACC7A200A943FF /* Sketch.swift in Sources */,
				1F1EF91D26ACC7A200A943FF /* Capture.swift in Sources */,
				1F1EF91A26ACC7A200A943FF /* Alert.swift in Sources */,
				1F1EF99526ACC7A200A943FF /* SketchNotifications.swift in Sources */,
				1F1EF96E26ACC7A200A943FF /* SketchOperatorOverloads.swift in Sources */,
				1F1EF99E26ACC7A200A943FF /* SketchTypography.swift in Sources */,
				1F1EF98626ACC7A200A943FF /* Sketch3DTexture.swift in Sources */,
				1F1EF95326ACC7A200A943FF /* Sketch2DPrimitives.swift in Sources */,
				1F1EF94126ACC7A200A943FF /* SketchPixels.swift in Sources */,
				1F1EF9A126ACC7A200A943FF /* SketchScroll.swift in Sources */,
				1F1EF95026ACC7A200A943FF /* SketchSettings.swift in Sources */,
				1F1EF98F26ACC7A200A943FF /* Camera3D.swift in Sources */,
				1F1EF92926ACC7A200A943FF /* Slider.swift in Sources */,
				1F1EF98C26ACC7A200A943FF /* TransitionSCNNode.swift in Sources */,
				1F1EF94A26ACC7A200A943FF /* ImagePicker.swift in Sources */,
				1F1EF9AA26ACC7A200A943FF /* SketchRandom.swift in Sources */,
				1F1EF91726ACC7A200A943FF /* Label.swift in Sources */,
				1F1EF9A726ACC7A200A943FF /* SketchStructure.swift in Sources */,
				1F1EF94D26ACC7A200A943FF /* SketchImage.swift in Sources */,
				1F1EF95926ACC7A200A943FF /* SketchColor.swift in Sources */,
				1F1EF96526ACC7A200A943FF /* SketchCanvas.swift in Sources */,
				1F1EF97126ACC7A200A943FF /* AudioIn.swift in Sources */,
				1F1EF92626ACC7A200A943FF /* TextField.swift in Sources */,
				1F1EF92326ACC7A200A943FF /* Switch.swift in Sources */,
				1F1EF92F26ACC7A200A943FF /* UIApplicationExtensions.swift in Sources */,
				1F1EF99826ACC7A200A943FF /* SketchVisibility.swift in Sources */,
				1F1EF97D26ACC7A200A943FF /* Sketch3DTransform.swift in Sources */,
				1F1EF93526ACC7A200A943FF /* Button.swift in Sources */,
				1F1EF95C26ACC7A200A943FF /* SketchVector.swift in Sources */,
				1F1EF96B26ACC7A200A943FF /* SketchAttributes.swift in Sources */,
				1F1EF98026ACC7A200A943FF /* Sketch3DEnviroment.swift in Sources */,
				1F1EF99226ACC7A200A943FF /* Sketch3DLight.swift in Sources */,
				OBJ_129 /* Package.swift in Sources */,
				1F1EF9AD26ACC7A200A943FF /* SketchData.swift in Sources */,
				1F1EF97426ACC7A200A943FF /* ModelNode.swift in Sources */,
				1F1EF92C26ACC7A200A943FF /* Stepper.swift in Sources */,
				1F1EF98926ACC7A200A943FF /* Sketch3DModel.swift in Sources */,
				1F1EF94426ACC7A200A943FF /* GifSwift.swift in Sources */,
				1F1EF93B26ACC7A200A943FF /* SketchAugmentedReality.swift in Sources */,
				1F1EF92026ACC7A200A943FF /* UIKitViewElement.swift in Sources */,
				1F1EF96826ACC7A200A943FF /* SketchEnvironment.swift in Sources */,
				1F1EF98326ACC7A200A943FF /* Sketch3DCamera.swift in Sources */,
				1F1EF97726ACC7A200A943FF /* Sketch3D.swift in Sources */,
				1F1EF9A426ACC7A200A943FF /* SketchCalculation.swift in Sources */,
				1F1EF93226ACC7A200A943FF /* UIKitControlElement.swift in Sources */,
				1F9EB3E026D152EC00FF3AE5 /* SketchEnums.swift in Sources */,
				1F9EB3DC26D1526500FF3AE5 /* SketchStacks.swift in Sources */,
				1F1EF99B26ACC7A200A943FF /* NumericProtocolExtension.swift in Sources */,
			);
			runOnlyForDeploymentPostprocessing = 0;
		};
		OBJ_139 /* Sources */ = {
			isa = PBXSourcesBuildPhase;
			buildActionMask = 0;
			files = (
				1F1EF95D26ACC7A200A943FF /* SketchVector.swift in Sources */,
				1F1EF98426ACC7A200A943FF /* Sketch3DCamera.swift in Sources */,
				1F1EF91E26ACC7A200A943FF /* Capture.swift in Sources */,
				1F1EF93926ACC7A200A943FF /* SketchVertex.swift in Sources */,
				1F1EF93326ACC7A200A943FF /* UIKitControlElement.swift in Sources */,
				1F1EF96926ACC7A200A943FF /* SketchEnvironment.swift in Sources */,
				1F1EF94B26ACC7A200A943FF /* ImagePicker.swift in Sources */,
				1F1EF92426ACC7A200A943FF /* Switch.swift in Sources */,
				1F1EF9A526ACC7A200A943FF /* SketchCalculation.swift in Sources */,
				1F1EF98A26ACC7A200A943FF /* Sketch3DModel.swift in Sources */,
				1F1EF9AB26ACC7A200A943FF /* SketchRandom.swift in Sources */,
				1F1EF97E26ACC7A200A943FF /* Sketch3DTransform.swift in Sources */,
				OBJ_140 /* SwiftProcessingTests.swift in Sources */,
				1F1EF99C26ACC7A200A943FF /* NumericProtocolExtension.swift in Sources */,
				1F1EF97B26ACC7A200A943FF /* Sketch3DPrimitives.swift in Sources */,
				OBJ_141 /* VectorTests.swift in Sources */,
				1F1EF95426ACC7A200A943FF /* Sketch2DPrimitives.swift in Sources */,
				1F1EF96026ACC7A200A943FF /* SketchTouch.swift in Sources */,
				1F1EF93F26ACC7A200A943FF /* SketchTransform.swift in Sources */,
				1F1EF94526ACC7A200A943FF /* GifSwift.swift in Sources */,
				1F1EF99626ACC7A200A943FF /* SketchNotifications.swift in Sources */,
				1F1EF94E26ACC7A200A943FF /* SketchImage.swift in Sources */,
				1F1EF92A26ACC7A200A943FF /* Slider.swift in Sources */,
				1F9EB3E526D152FE00FF3AE5 /* SketchPushPop.swift in Sources */,
				1F1EF94826ACC7A200A943FF /* Image.swift in Sources */,
				1F1EF9AE26ACC7A200A943FF /* SketchData.swift in Sources */,
				1F1EF99026ACC7A200A943FF /* Camera3D.swift in Sources */,
				1F1EF94226ACC7A200A943FF /* SketchPixels.swift in Sources */,
				1F1EF91826ACC7A200A943FF /* Label.swift in Sources */,
				1F1EF97526ACC7A200A943FF /* ModelNode.swift in Sources */,
				1F1EF99926ACC7A200A943FF /* SketchVisibility.swift in Sources */,
				1F1EF95A26ACC7A200A943FF /* SketchColor.swift in Sources */,
				1F1EF98726ACC7A200A943FF /* Sketch3DTexture.swift in Sources */,
				1F1EF93626ACC7A200A943FF /* Button.swift in Sources */,
				1F1EF93026ACC7A200A943FF /* UIApplicationExtensions.swift in Sources */,
				1F1EF99F26ACC7A200A943FF /* SketchTypography.swift in Sources */,
				1F1EF95726ACC7A200A943FF /* Sketch.swift in Sources */,
				1F1EF9A226ACC7A200A943FF /* SketchScroll.swift in Sources */,
				1F1EF98D26ACC7A200A943FF /* TransitionSCNNode.swift in Sources */,
				1F1EF95126ACC7A200A943FF /* SketchSettings.swift in Sources */,
				1F1EF96626ACC7A200A943FF /* SketchCanvas.swift in Sources */,
				1F1EF9A826ACC7A200A943FF /* SketchStructure.swift in Sources */,
				1F1EF97826ACC7A200A943FF /* Sketch3D.swift in Sources */,
				1F1EF92126ACC7A200A943FF /* UIKitViewElement.swift in Sources */,
				1F1EF98126ACC7A200A943FF /* Sketch3DEnviroment.swift in Sources */,
				1F1EF96C26ACC7A200A943FF /* SketchAttributes.swift in Sources */,
				1F1EF92726ACC7A200A943FF /* TextField.swift in Sources */,
				1F9EB3DD26D1526500FF3AE5 /* SketchStacks.swift in Sources */,
				1F1EF92D26ACC7A200A943FF /* Stepper.swift in Sources */,
				1F1EF93C26ACC7A200A943FF /* SketchAugmentedReality.swift in Sources */,
				1F1EF91B26ACC7A200A943FF /* Alert.swift in Sources */,
				1F1EF97226ACC7A200A943FF /* AudioIn.swift in Sources */,
				1F9EB3E126D152EC00FF3AE5 /* SketchEnums.swift in Sources */,
				1F1EF99326ACC7A200A943FF /* Sketch3DLight.swift in Sources */,
				OBJ_142 /* XCTestManifests.swift in Sources */,
				1F1EF96F26ACC7A200A943FF /* SketchOperatorOverloads.swift in Sources */,
			);
			runOnlyForDeploymentPostprocessing = 0;
		};
		OBJ_75 /* Sources */ = {
			isa = PBXSourcesBuildPhase;
			buildActionMask = 0;
			files = (
				1F1EF9A026ACC7A200A943FF /* SketchScroll.swift in Sources */,
				1F1EF92E26ACC7A200A943FF /* UIApplicationExtensions.swift in Sources */,
				1F9EB3DF26D152EC00FF3AE5 /* SketchEnums.swift in Sources */,
				1F1EF98E26ACC7A200A943FF /* Camera3D.swift in Sources */,
				1F1EF97326ACC7A200A943FF /* ModelNode.swift in Sources */,
				1F1EF93726ACC7A200A943FF /* SketchVertex.swift in Sources */,
				1F1EF91F26ACC7A200A943FF /* UIKitViewElement.swift in Sources */,
				1F1EF97C26ACC7A200A943FF /* Sketch3DTransform.swift in Sources */,
				1F1EF97026ACC7A200A943FF /* AudioIn.swift in Sources */,
				1F1EF94926ACC7A200A943FF /* ImagePicker.swift in Sources */,
				1F1EF98226ACC7A200A943FF /* Sketch3DCamera.swift in Sources */,
				1F1EF98526ACC7A200A943FF /* Sketch3DTexture.swift in Sources */,
				1F1EF96A26ACC7A200A943FF /* SketchAttributes.swift in Sources */,
				1F1EF99726ACC7A200A943FF /* SketchVisibility.swift in Sources */,
				1F1EF9AC26ACC7A200A943FF /* SketchData.swift in Sources */,
				1F1EF95E26ACC7A200A943FF /* SketchTouch.swift in Sources */,
				1F1EF95226ACC7A200A943FF /* Sketch2DPrimitives.swift in Sources */,
				1F1EF91C26ACC7A200A943FF /* Capture.swift in Sources */,
				1F1EF93D26ACC7A200A943FF /* SketchTransform.swift in Sources */,
				1F1EF94F26ACC7A200A943FF /* SketchSettings.swift in Sources */,
				1F1EF91926ACC7A200A943FF /* Alert.swift in Sources */,
				1F1EF96D26ACC7A200A943FF /* SketchOperatorOverloads.swift in Sources */,
				1F1EF95526ACC7A200A943FF /* Sketch.swift in Sources */,
				1F1EF93A26ACC7A200A943FF /* SketchAugmentedReality.swift in Sources */,
				1F1EF97926ACC7A200A943FF /* Sketch3DPrimitives.swift in Sources */,
				1F9EB3DB26D1526500FF3AE5 /* SketchStacks.swift in Sources */,
				1F1EF99126ACC7A200A943FF /* Sketch3DLight.swift in Sources */,
				1F1EF92B26ACC7A200A943FF /* Stepper.swift in Sources */,
				1F9EB3E326D152FE00FF3AE5 /* SketchPushPop.swift in Sources */,
				1F1EF94C26ACC7A200A943FF /* SketchImage.swift in Sources */,
				1F1EF93126ACC7A200A943FF /* UIKitControlElement.swift in Sources */,
				1F1EF98B26ACC7A200A943FF /* TransitionSCNNode.swift in Sources */,
				1F1EF92526ACC7A200A943FF /* TextField.swift in Sources */,
				1F1EF91626ACC7A200A943FF /* Label.swift in Sources */,
				1F1EF96726ACC7A200A943FF /* SketchEnvironment.swift in Sources */,
				1F1EF94626ACC7A200A943FF /* Image.swift in Sources */,
				1F1EF92226ACC7A200A943FF /* Switch.swift in Sources */,
				1F1EF97F26ACC7A200A943FF /* Sketch3DEnviroment.swift in Sources */,
				1F1EF9A326ACC7A200A943FF /* SketchCalculation.swift in Sources */,
				1F1EF95B26ACC7A200A943FF /* SketchVector.swift in Sources */,
				1F1EF95826ACC7A200A943FF /* SketchColor.swift in Sources */,
				1F1EF94326ACC7A200A943FF /* GifSwift.swift in Sources */,
				1F1EF96426ACC7A200A943FF /* SketchCanvas.swift in Sources */,
				1F1EF99A26ACC7A200A943FF /* NumericProtocolExtension.swift in Sources */,
				1F1EF92826ACC7A200A943FF /* Slider.swift in Sources */,
				1F1EF9A926ACC7A200A943FF /* SketchRandom.swift in Sources */,
				1F1EF98826ACC7A200A943FF /* Sketch3DModel.swift in Sources */,
				1F1EF93426ACC7A200A943FF /* Button.swift in Sources */,
				1F1EF99D26ACC7A200A943FF /* SketchTypography.swift in Sources */,
				1F1EF94026ACC7A200A943FF /* SketchPixels.swift in Sources */,
				1F1EF9A626ACC7A200A943FF /* SketchStructure.swift in Sources */,
				1F1EF97626ACC7A200A943FF /* Sketch3D.swift in Sources */,
				1F1EF99426ACC7A200A943FF /* SketchNotifications.swift in Sources */,
			);
			runOnlyForDeploymentPostprocessing = 0;
		};
/* End PBXSourcesBuildPhase section */

/* Begin PBXTargetDependency section */
		OBJ_134 /* PBXTargetDependency */ = {
			isa = PBXTargetDependency;
			target = "SwiftProcessing::SwiftProcessingTests" /* SwiftProcessingTests */;
			targetProxy = F0823A112538FA7A0026169A /* PBXContainerItemProxy */;
		};
		OBJ_145 /* PBXTargetDependency */ = {
			isa = PBXTargetDependency;
			target = "SwiftProcessing::SwiftProcessing" /* SwiftProcessing */;
			targetProxy = F0823A0E2538FA670026169A /* PBXContainerItemProxy */;
		};
/* End PBXTargetDependency section */

/* Begin XCBuildConfiguration section */
		OBJ_126 /* Debug */ = {
			isa = XCBuildConfiguration;
			buildSettings = {
				LD = /usr/bin/true;
				OTHER_SWIFT_FLAGS = "-swift-version 5 -I $(TOOLCHAIN_DIR)/usr/lib/swift/pm/4_2 -sdk /Applications/Xcode.app/Contents/Developer/Platforms/MacOSX.platform/Developer/SDKs/MacOSX10.15.sdk -package-description-version 5.1.0";
				SWIFT_VERSION = 5.0;
			};
			name = Debug;
		};
		OBJ_127 /* Release */ = {
			isa = XCBuildConfiguration;
			buildSettings = {
				LD = /usr/bin/true;
				OTHER_SWIFT_FLAGS = "-swift-version 5 -I $(TOOLCHAIN_DIR)/usr/lib/swift/pm/4_2 -sdk /Applications/Xcode.app/Contents/Developer/Platforms/MacOSX.platform/Developer/SDKs/MacOSX10.15.sdk -package-description-version 5.1.0";
				SWIFT_VERSION = 5.0;
			};
			name = Release;
		};
		OBJ_132 /* Debug */ = {
			isa = XCBuildConfiguration;
			buildSettings = {
			};
			name = Debug;
		};
		OBJ_133 /* Release */ = {
			isa = XCBuildConfiguration;
			buildSettings = {
			};
			name = Release;
		};
		OBJ_137 /* Debug */ = {
			isa = XCBuildConfiguration;
			buildSettings = {
				ALWAYS_EMBED_SWIFT_STANDARD_LIBRARIES = YES;
				CLANG_ENABLE_MODULES = YES;
				EMBEDDED_CONTENT_CONTAINS_SWIFT = YES;
				FRAMEWORK_SEARCH_PATHS = (
					"$(inherited)",
					"$(PLATFORM_DIR)/Developer/Library/Frameworks",
				);
				HEADER_SEARCH_PATHS = "$(inherited)";
				INFOPLIST_FILE = SwiftProcessing.xcodeproj/SwiftProcessingTests_Info.plist;
				IPHONEOS_DEPLOYMENT_TARGET = 14.0;
				LD_RUNPATH_SEARCH_PATHS = "$(inherited) @loader_path/../Frameworks @loader_path/Frameworks";
				MACOSX_DEPLOYMENT_TARGET = 10.15;
				OTHER_CFLAGS = "$(inherited)";
				OTHER_LDFLAGS = "$(inherited)";
				OTHER_SWIFT_FLAGS = "$(inherited)";
				SWIFT_ACTIVE_COMPILATION_CONDITIONS = "$(inherited)";
				SWIFT_VERSION = 5.0;
				TARGET_NAME = SwiftProcessingTests;
				TVOS_DEPLOYMENT_TARGET = 9.0;
				WATCHOS_DEPLOYMENT_TARGET = 2.0;
			};
			name = Debug;
		};
		OBJ_138 /* Release */ = {
			isa = XCBuildConfiguration;
			buildSettings = {
				ALWAYS_EMBED_SWIFT_STANDARD_LIBRARIES = YES;
				CLANG_ENABLE_MODULES = YES;
				EMBEDDED_CONTENT_CONTAINS_SWIFT = YES;
				FRAMEWORK_SEARCH_PATHS = (
					"$(inherited)",
					"$(PLATFORM_DIR)/Developer/Library/Frameworks",
				);
				HEADER_SEARCH_PATHS = "$(inherited)";
				INFOPLIST_FILE = SwiftProcessing.xcodeproj/SwiftProcessingTests_Info.plist;
				IPHONEOS_DEPLOYMENT_TARGET = 14.0;
				LD_RUNPATH_SEARCH_PATHS = "$(inherited) @loader_path/../Frameworks @loader_path/Frameworks";
				MACOSX_DEPLOYMENT_TARGET = 10.15;
				OTHER_CFLAGS = "$(inherited)";
				OTHER_LDFLAGS = "$(inherited)";
				OTHER_SWIFT_FLAGS = "$(inherited)";
				SWIFT_ACTIVE_COMPILATION_CONDITIONS = "$(inherited)";
				SWIFT_VERSION = 5.0;
				TARGET_NAME = SwiftProcessingTests;
				TVOS_DEPLOYMENT_TARGET = 9.0;
				WATCHOS_DEPLOYMENT_TARGET = 2.0;
			};
			name = Release;
		};
		OBJ_3 /* Debug */ = {
			isa = XCBuildConfiguration;
			buildSettings = {
				CLANG_ENABLE_OBJC_ARC = YES;
				COMBINE_HIDPI_IMAGES = YES;
				COPY_PHASE_STRIP = NO;
				DEBUG_INFORMATION_FORMAT = dwarf;
				DYLIB_INSTALL_NAME_BASE = "@rpath";
				ENABLE_NS_ASSERTIONS = YES;
				GCC_OPTIMIZATION_LEVEL = 0;
				GCC_PREPROCESSOR_DEFINITIONS = (
					"$(inherited)",
					"SWIFT_PACKAGE=1",
					"DEBUG=1",
				);
				MACOSX_DEPLOYMENT_TARGET = 10.10;
				ONLY_ACTIVE_ARCH = YES;
				OTHER_SWIFT_FLAGS = "$(inherited) -DXcode";
				PRODUCT_NAME = "$(TARGET_NAME)";
				SDKROOT = iphoneos;
				SUPPORTED_PLATFORMS = "iphonesimulator iphoneos";
				SWIFT_ACTIVE_COMPILATION_CONDITIONS = "$(inherited) SWIFT_PACKAGE DEBUG";
				SWIFT_OPTIMIZATION_LEVEL = "-Onone";
				USE_HEADERMAP = NO;
			};
			name = Debug;
		};
		OBJ_4 /* Release */ = {
			isa = XCBuildConfiguration;
			buildSettings = {
				CLANG_ENABLE_OBJC_ARC = YES;
				COMBINE_HIDPI_IMAGES = YES;
				COPY_PHASE_STRIP = YES;
				DEBUG_INFORMATION_FORMAT = "dwarf-with-dsym";
				DYLIB_INSTALL_NAME_BASE = "@rpath";
				GCC_OPTIMIZATION_LEVEL = s;
				GCC_PREPROCESSOR_DEFINITIONS = (
					"$(inherited)",
					"SWIFT_PACKAGE=1",
				);
				MACOSX_DEPLOYMENT_TARGET = 10.10;
				OTHER_SWIFT_FLAGS = "$(inherited) -DXcode";
				PRODUCT_NAME = "$(TARGET_NAME)";
				SDKROOT = iphoneos;
				SUPPORTED_PLATFORMS = "iphonesimulator iphoneos";
				SWIFT_ACTIVE_COMPILATION_CONDITIONS = "$(inherited) SWIFT_PACKAGE";
				SWIFT_OPTIMIZATION_LEVEL = "-Owholemodule";
				USE_HEADERMAP = NO;
			};
			name = Release;
		};
		OBJ_73 /* Debug */ = {
			isa = XCBuildConfiguration;
			buildSettings = {
				ENABLE_TESTABILITY = YES;
				FRAMEWORK_SEARCH_PATHS = (
					"$(inherited)",
					"$(PLATFORM_DIR)/Developer/Library/Frameworks",
				);
				HEADER_SEARCH_PATHS = "$(inherited)";
				INFOPLIST_FILE = SwiftProcessing.xcodeproj/SwiftProcessing_Info.plist;
				IPHONEOS_DEPLOYMENT_TARGET = 13.0;
				LD_RUNPATH_SEARCH_PATHS = "$(inherited) $(TOOLCHAIN_DIR)/usr/lib/swift/macosx";
				MACOSX_DEPLOYMENT_TARGET = 10.10;
				OTHER_CFLAGS = "$(inherited)";
				OTHER_LDFLAGS = "$(inherited)";
				OTHER_SWIFT_FLAGS = "$(inherited)";
				PRODUCT_BUNDLE_IDENTIFIER = SwiftProcessing;
				PRODUCT_MODULE_NAME = "$(TARGET_NAME:c99extidentifier)";
				PRODUCT_NAME = "$(TARGET_NAME:c99extidentifier)";
				SKIP_INSTALL = YES;
				SWIFT_ACTIVE_COMPILATION_CONDITIONS = "$(inherited)";
				SWIFT_VERSION = 5.0;
				TARGET_NAME = SwiftProcessing;
				TVOS_DEPLOYMENT_TARGET = 9.0;
				WATCHOS_DEPLOYMENT_TARGET = 2.0;
			};
			name = Debug;
		};
		OBJ_74 /* Release */ = {
			isa = XCBuildConfiguration;
			buildSettings = {
				ENABLE_TESTABILITY = YES;
				FRAMEWORK_SEARCH_PATHS = (
					"$(inherited)",
					"$(PLATFORM_DIR)/Developer/Library/Frameworks",
				);
				HEADER_SEARCH_PATHS = "$(inherited)";
				INFOPLIST_FILE = SwiftProcessing.xcodeproj/SwiftProcessing_Info.plist;
				IPHONEOS_DEPLOYMENT_TARGET = 13.0;
				LD_RUNPATH_SEARCH_PATHS = "$(inherited) $(TOOLCHAIN_DIR)/usr/lib/swift/macosx";
				MACOSX_DEPLOYMENT_TARGET = 10.10;
				OTHER_CFLAGS = "$(inherited)";
				OTHER_LDFLAGS = "$(inherited)";
				OTHER_SWIFT_FLAGS = "$(inherited)";
				PRODUCT_BUNDLE_IDENTIFIER = SwiftProcessing;
				PRODUCT_MODULE_NAME = "$(TARGET_NAME:c99extidentifier)";
				PRODUCT_NAME = "$(TARGET_NAME:c99extidentifier)";
				SKIP_INSTALL = YES;
				SWIFT_ACTIVE_COMPILATION_CONDITIONS = "$(inherited)";
				SWIFT_VERSION = 5.0;
				TARGET_NAME = SwiftProcessing;
				TVOS_DEPLOYMENT_TARGET = 9.0;
				WATCHOS_DEPLOYMENT_TARGET = 2.0;
			};
			name = Release;
		};
/* End XCBuildConfiguration section */

/* Begin XCConfigurationList section */
		OBJ_125 /* Build configuration list for PBXNativeTarget "SwiftProcessingPackageDescription" */ = {
			isa = XCConfigurationList;
			buildConfigurations = (
				OBJ_126 /* Debug */,
				OBJ_127 /* Release */,
			);
			defaultConfigurationIsVisible = 0;
			defaultConfigurationName = Release;
		};
		OBJ_131 /* Build configuration list for PBXAggregateTarget "SwiftProcessingPackageTests" */ = {
			isa = XCConfigurationList;
			buildConfigurations = (
				OBJ_132 /* Debug */,
				OBJ_133 /* Release */,
			);
			defaultConfigurationIsVisible = 0;
			defaultConfigurationName = Release;
		};
		OBJ_136 /* Build configuration list for PBXNativeTarget "SwiftProcessingTests" */ = {
			isa = XCConfigurationList;
			buildConfigurations = (
				OBJ_137 /* Debug */,
				OBJ_138 /* Release */,
			);
			defaultConfigurationIsVisible = 0;
			defaultConfigurationName = Release;
		};
		OBJ_2 /* Build configuration list for PBXProject "SwiftProcessing" */ = {
			isa = XCConfigurationList;
			buildConfigurations = (
				OBJ_3 /* Debug */,
				OBJ_4 /* Release */,
			);
			defaultConfigurationIsVisible = 0;
			defaultConfigurationName = Release;
		};
		OBJ_72 /* Build configuration list for PBXNativeTarget "SwiftProcessing" */ = {
			isa = XCConfigurationList;
			buildConfigurations = (
				OBJ_73 /* Debug */,
				OBJ_74 /* Release */,
			);
			defaultConfigurationIsVisible = 0;
			defaultConfigurationName = Release;
		};
/* End XCConfigurationList section */
	};
	rootObject = OBJ_1 /* Project object */;
}
